
Microsoft Visual Studio Solution File, Format Version 12.00
# Visual Studio 14
VisualStudioVersion = 14.0.24720.0
MinimumVisualStudioVersion = 10.0.40219.1
Project("{2150E333-8FDC-42A3-9474-1A3956D46DE8}") = "DotNet.Basic", "DotNet.Basic", "{2659C542-BC18-4C37-A958-C16DF41FC827}"
EndProject
Project("{FAE04EC0-301F-11D3-BF4B-00C04F79EFBC}") = "AreStringAllSame", "DotNet.Basic\AreStringAllSame\AreStringAllSame.csproj", "{17D72CDF-5D97-47D2-BFB5-73934EB8DDCA}"
EndProject
Project("{FAE04EC0-301F-11D3-BF4B-00C04F79EFBC}") = "EventSource", "DotNet.Basic\EventSource\EventSource.csproj", "{0EF03CFF-B9EF-4911-960B-E2E9290E28FF}"
EndProject
Project("{FAE04EC0-301F-11D3-BF4B-00C04F79EFBC}") = "EventSourceDemo", "DotNet.Basic\EventSourceDemoV3.5\EventSourceDemo.csproj", "{95AC8570-6F50-4C61-974C-D779CCF3176A}"
EndProject
Project("{2150E333-8FDC-42A3-9474-1A3956D46DE8}") = "DotNet.Core", "DotNet.Core", "{9013606D-0604-4C95-B0DE-B4C55712D0C0}"
EndProject
Project("{8BB2217D-0F2D-49D1-97BC-3654ED321F3B}") = "DotNet5App", "DotNet.Core\DotNet5App\DotNet5App.xproj", "{2C909AD4-C893-4F2F-BD1D-EBA02CF60A85}"
EndProject
Project("{8BB2217D-0F2D-49D1-97BC-3654ED321F3B}") = "WebFromApp", "DotNet.Core\WebFromApp\WebFromApp.xproj", "{788F73B8-9A22-4381-9311-326AC03E8D83}"
EndProject
Project("{8BB2217D-0F2D-49D1-97BC-3654ED321F3B}") = "WebAPIMvc5", "DotNet.Core\WebAPIMvc5\WebAPIMvc5.xproj", "{5EFF0BF2-D4A9-4544-A055-4A7D3A544BA9}"
EndProject
Global
	GlobalSection(SolutionConfigurationPlatforms) = preSolution
		Debug|Any CPU = Debug|Any CPU
		Debug|x86 = Debug|x86
		Release|Any CPU = Release|Any CPU
		Release|x86 = Release|x86
	EndGlobalSection
	GlobalSection(ProjectConfigurationPlatforms) = postSolution
		{17D72CDF-5D97-47D2-BFB5-73934EB8DDCA}.Debug|Any CPU.ActiveCfg = Debug|Any CPU
		{17D72CDF-5D97-47D2-BFB5-73934EB8DDCA}.Debug|Any CPU.Build.0 = Debug|Any CPU
		{17D72CDF-5D97-47D2-BFB5-73934EB8DDCA}.Debug|x86.ActiveCfg = Debug|Any CPU
		{17D72CDF-5D97-47D2-BFB5-73934EB8DDCA}.Debug|x86.Build.0 = Debug|Any CPU
		{17D72CDF-5D97-47D2-BFB5-73934EB8DDCA}.Release|Any CPU.ActiveCfg = Release|Any CPU
		{17D72CDF-5D97-47D2-BFB5-73934EB8DDCA}.Release|Any CPU.Build.0 = Release|Any CPU
		{17D72CDF-5D97-47D2-BFB5-73934EB8DDCA}.Release|x86.ActiveCfg = Release|Any CPU
		{17D72CDF-5D97-47D2-BFB5-73934EB8DDCA}.Release|x86.Build.0 = Release|Any CPU
		{0EF03CFF-B9EF-4911-960B-E2E9290E28FF}.Debug|Any CPU.ActiveCfg = Debug|Any CPU
		{0EF03CFF-B9EF-4911-960B-E2E9290E28FF}.Debug|Any CPU.Build.0 = Debug|Any CPU
		{0EF03CFF-B9EF-4911-960B-E2E9290E28FF}.Debug|x86.ActiveCfg = Debug|Any CPU
		{0EF03CFF-B9EF-4911-960B-E2E9290E28FF}.Debug|x86.Build.0 = Debug|Any CPU
		{0EF03CFF-B9EF-4911-960B-E2E9290E28FF}.Release|Any CPU.ActiveCfg = Release|Any CPU
		{0EF03CFF-B9EF-4911-960B-E2E9290E28FF}.Release|Any CPU.Build.0 = Release|Any CPU
		{0EF03CFF-B9EF-4911-960B-E2E9290E28FF}.Release|x86.ActiveCfg = Release|Any CPU
		{0EF03CFF-B9EF-4911-960B-E2E9290E28FF}.Release|x86.Build.0 = Release|Any CPU
		{95AC8570-6F50-4C61-974C-D779CCF3176A}.Debug|Any CPU.ActiveCfg = Debug|Any CPU
		{95AC8570-6F50-4C61-974C-D779CCF3176A}.Debug|Any CPU.Build.0 = Debug|Any CPU
		{95AC8570-6F50-4C61-974C-D779CCF3176A}.Debug|x86.ActiveCfg = Debug|x86
		{95AC8570-6F50-4C61-974C-D779CCF3176A}.Debug|x86.Build.0 = Debug|x86
		{95AC8570-6F50-4C61-974C-D779CCF3176A}.Release|Any CPU.ActiveCfg = Release|Any CPU
		{95AC8570-6F50-4C61-974C-D779CCF3176A}.Release|Any CPU.Build.0 = Release|Any CPU
		{95AC8570-6F50-4C61-974C-D779CCF3176A}.Release|x86.ActiveCfg = Release|x86
		{95AC8570-6F50-4C61-974C-D779CCF3176A}.Release|x86.Build.0 = Release|x86
		{2C909AD4-C893-4F2F-BD1D-EBA02CF60A85}.Debug|Any CPU.ActiveCfg = Debug|Any CPU
		{2C909AD4-C893-4F2F-BD1D-EBA02CF60A85}.Debug|Any CPU.Build.0 = Debug|Any CPU
		{2C909AD4-C893-4F2F-BD1D-EBA02CF60A85}.Debug|x86.ActiveCfg = Debug|Any CPU
		{2C909AD4-C893-4F2F-BD1D-EBA02CF60A85}.Debug|x86.Build.0 = Debug|Any CPU
		{2C909AD4-C893-4F2F-BD1D-EBA02CF60A85}.Release|Any CPU.ActiveCfg = Release|Any CPU
		{2C909AD4-C893-4F2F-BD1D-EBA02CF60A85}.Release|Any CPU.Build.0 = Release|Any CPU
		{2C909AD4-C893-4F2F-BD1D-EBA02CF60A85}.Release|x86.ActiveCfg = Release|Any CPU
		{2C909AD4-C893-4F2F-BD1D-EBA02CF60A85}.Release|x86.Build.0 = Release|Any CPU
		{788F73B8-9A22-4381-9311-326AC03E8D83}.Debug|Any CPU.ActiveCfg = Debug|Any CPU
		{788F73B8-9A22-4381-9311-326AC03E8D83}.Debug|Any CPU.Build.0 = Debug|Any CPU
		{788F73B8-9A22-4381-9311-326AC03E8D83}.Debug|x86.ActiveCfg = Debug|Any CPU
		{788F73B8-9A22-4381-9311-326AC03E8D83}.Debug|x86.Build.0 = Debug|Any CPU
		{788F73B8-9A22-4381-9311-326AC03E8D83}.Release|Any CPU.ActiveCfg = Release|Any CPU
		{788F73B8-9A22-4381-9311-326AC03E8D83}.Release|Any CPU.Build.0 = Release|Any CPU
		{788F73B8-9A22-4381-9311-326AC03E8D83}.Release|x86.ActiveCfg = Release|Any CPU
		{788F73B8-9A22-4381-9311-326AC03E8D83}.Release|x86.Build.0 = Release|Any CPU
		{5EFF0BF2-D4A9-4544-A055-4A7D3A544BA9}.Debug|Any CPU.ActiveCfg = Debug|Any CPU
		{5EFF0BF2-D4A9-4544-A055-4A7D3A544BA9}.Debug|Any CPU.Build.0 = Debug|Any CPU
		{5EFF0BF2-D4A9-4544-A055-4A7D3A544BA9}.Debug|x86.ActiveCfg = Debug|Any CPU
		{5EFF0BF2-D4A9-4544-A055-4A7D3A544BA9}.Debug|x86.Build.0 = Debug|Any CPU
		{5EFF0BF2-D4A9-4544-A055-4A7D3A544BA9}.Release|Any CPU.ActiveCfg = Release|Any CPU
		{5EFF0BF2-D4A9-4544-A055-4A7D3A544BA9}.Release|Any CPU.Build.0 = Release|Any CPU
		{5EFF0BF2-D4A9-4544-A055-4A7D3A544BA9}.Release|x86.ActiveCfg = Release|Any CPU
		{5EFF0BF2-D4A9-4544-A055-4A7D3A544BA9}.Release|x86.Build.0 = Release|Any CPU
	EndGlobalSection
	GlobalSection(SolutionProperties) = preSolution
		HideSolutionNode = FALSE
	EndGlobalSection
	GlobalSection(NestedProjects) = preSolution
		{17D72CDF-5D97-47D2-BFB5-73934EB8DDCA} = {2659C542-BC18-4C37-A958-C16DF41FC827}
		{0EF03CFF-B9EF-4911-960B-E2E9290E28FF} = {2659C542-BC18-4C37-A958-C16DF41FC827}
		{95AC8570-6F50-4C61-974C-D779CCF3176A} = {2659C542-BC18-4C37-A958-C16DF41FC827}
		{2C909AD4-C893-4F2F-BD1D-EBA02CF60A85} = {9013606D-0604-4C95-B0DE-B4C55712D0C0}
		{788F73B8-9A22-4381-9311-326AC03E8D83} = {9013606D-0604-4C95-B0DE-B4C55712D0C0}
		{5EFF0BF2-D4A9-4544-A055-4A7D3A544BA9} = {9013606D-0604-4C95-B0DE-B4C55712D0C0}
	EndGlobalSection
EndGlobal
